
Microsoft Visual Studio Solution File, Format Version 12.00
# Visual Studio 15
VisualStudioVersion = 15.0.28307.168
MinimumVisualStudioVersion = 10.0.40219.1
Project("{8BC9CEB8-8B4A-11D0-8D11-00A0C91BC942}") = "Sea battle", "Sea battle\Sea battle.vcxproj", "{FCDE1414-987B-49DE-8EFA-4295494721C6}"
EndProject
Global
	GlobalSection(SolutionConfigurationPlatforms) = preSolution
		Debug|x64 = Debug|x64
		Debug|x86 = Debug|x86
		Release|x64 = Release|x64
		Release|x86 = Release|x86
	EndGlobalSection
	GlobalSection(ProjectConfigurationPlatforms) = postSolution
		{FCDE1414-987B-49DE-8EFA-4295494721C6}.Debug|x64.ActiveCfg = Debug|x64
		{FCDE1414-987B-49DE-8EFA-4295494721C6}.Debug|x64.Build.0 = Debug|x64
		{FCDE1414-987B-49DE-8EFA-4295494721C6}.Debug|x86.ActiveCfg = Debug|Win32
		{FCDE1414-987B-49DE-8EFA-4295494721C6}.Debug|x86.Build.0 = Debug|Win32
		{FCDE1414-987B-49DE-8EFA-4295494721C6}.Release|x64.ActiveCfg = Release|x64
		{FCDE1414-987B-49DE-8EFA-4295494721C6}.Release|x64.Build.0 = Release|x64
		{FCDE1414-987B-49DE-8EFA-4295494721C6}.Release|x86.ActiveCfg = Release|Win32
		{FCDE1414-987B-49DE-8EFA-4295494721C6}.Release|x86.Build.0 = Release|Win32
	EndGlobalSection
	GlobalSection(SolutionProperties) = preSolution
		HideSolutionNode = FALSE
	EndGlobalSection
	GlobalSection(ExtensibilityGlobals) = postSolution
		SolutionGuid = {A5CB5B3B-B31E-41B0-8EF6-711C625959D8}
	EndGlobalSection
EndGlobal
